
Microsoft Visual Studio Solution File, Format Version 12.00
# Visual Studio Version 17
VisualStudioVersion = 17.3.32901.215
MinimumVisualStudioVersion = 10.0.40219.1
Project("{FAE04EC0-301F-11D3-BF4B-00C04F79EFBC}") = "Product", "Product\Product.csproj", "{55AD0612-12EF-4700-A6A5-4D1BB448E086}"
EndProject
Global
	GlobalSection(SolutionConfigurationPlatforms) = preSolution
		Debug|Any CPU = Debug|Any CPU
		Release|Any CPU = Release|Any CPU
	EndGlobalSection
	GlobalSection(ProjectConfigurationPlatforms) = postSolution
		{55AD0612-12EF-4700-A6A5-4D1BB448E086}.Debug|Any CPU.ActiveCfg = Debug|Any CPU
		{55AD0612-12EF-4700-A6A5-4D1BB448E086}.Debug|Any CPU.Build.0 = Debug|Any CPU
		{55AD0612-12EF-4700-A6A5-4D1BB448E086}.Release|Any CPU.ActiveCfg = Release|Any CPU
		{55AD0612-12EF-4700-A6A5-4D1BB448E086}.Release|Any CPU.Build.0 = Release|Any CPU
	EndGlobalSection
	GlobalSection(SolutionProperties) = preSolution
		HideSolutionNode = FALSE
	EndGlobalSection
	GlobalSection(ExtensibilityGlobals) = postSolution
		SolutionGuid = {F93FFC26-7592-4354-A41C-7EBFDE42C1D8}
	EndGlobalSection
EndGlobal
